
Microsoft Visual Studio Solution File, Format Version 12.00
# Visual Studio Version 17
VisualStudioVersion = 17.1.32421.90
MinimumVisualStudioVersion = 10.0.40219.1
Project("{FAE04EC0-301F-11D3-BF4B-00C04F79EFBC}") = "Calculadora Quimica Basica", "Calculadora Quimica Basica\Calculadora Quimica Basica.csproj", "{72D569F8-45AC-4A79-8907-240B37AA0184}"
EndProject
Global
	GlobalSection(SolutionConfigurationPlatforms) = preSolution
		Debug|Any CPU = Debug|Any CPU
		Release|Any CPU = Release|Any CPU
	EndGlobalSection
	GlobalSection(ProjectConfigurationPlatforms) = postSolution
		{72D569F8-45AC-4A79-8907-240B37AA0184}.Debug|Any CPU.ActiveCfg = Debug|Any CPU
		{72D569F8-45AC-4A79-8907-240B37AA0184}.Debug|Any CPU.Build.0 = Debug|Any CPU
		{72D569F8-45AC-4A79-8907-240B37AA0184}.Release|Any CPU.ActiveCfg = Release|Any CPU
		{72D569F8-45AC-4A79-8907-240B37AA0184}.Release|Any CPU.Build.0 = Release|Any CPU
	EndGlobalSection
	GlobalSection(SolutionProperties) = preSolution
		HideSolutionNode = FALSE
	EndGlobalSection
	GlobalSection(ExtensibilityGlobals) = postSolution
		SolutionGuid = {28095894-3518-4D04-BEEE-30B9DAB88AE5}
	EndGlobalSection
EndGlobal
